
Microsoft Visual Studio Solution File, Format Version 12.00
# Visual Studio Version 17
VisualStudioVersion = 17.8.34511.84
MinimumVisualStudioVersion = 10.0.40219.1
Project("{FAE04EC0-301F-11D3-BF4B-00C04F79EFBC}") = "Movies.Api", "Movies.Api.csproj", "{0E8484A5-E4FA-4A20-928D-0499657D7E99}"
EndProject
Project("{FAE04EC0-301F-11D3-BF4B-00C04F79EFBC}") = "Movies.Application", "..\Movies.Application\Movies.Application.csproj", "{EA80828E-D44C-40BD-92EB-C1AFC4ABEB3D}"
EndProject
Project("{FAE04EC0-301F-11D3-BF4B-00C04F79EFBC}") = "Movies.Contract", "..\Movies.Contract\Movies.Contract.csproj", "{3353210B-C231-45C6-9164-3D9F1433FA3D}"
EndProject
Global
	GlobalSection(SolutionConfigurationPlatforms) = preSolution
		Debug|Any CPU = Debug|Any CPU
		Release|Any CPU = Release|Any CPU
	EndGlobalSection
	GlobalSection(ProjectConfigurationPlatforms) = postSolution
		{0E8484A5-E4FA-4A20-928D-0499657D7E99}.Debug|Any CPU.ActiveCfg = Debug|Any CPU
		{0E8484A5-E4FA-4A20-928D-0499657D7E99}.Debug|Any CPU.Build.0 = Debug|Any CPU
		{0E8484A5-E4FA-4A20-928D-0499657D7E99}.Release|Any CPU.ActiveCfg = Release|Any CPU
		{0E8484A5-E4FA-4A20-928D-0499657D7E99}.Release|Any CPU.Build.0 = Release|Any CPU
		{EA80828E-D44C-40BD-92EB-C1AFC4ABEB3D}.Debug|Any CPU.ActiveCfg = Debug|Any CPU
		{EA80828E-D44C-40BD-92EB-C1AFC4ABEB3D}.Debug|Any CPU.Build.0 = Debug|Any CPU
		{EA80828E-D44C-40BD-92EB-C1AFC4ABEB3D}.Release|Any CPU.ActiveCfg = Release|Any CPU
		{EA80828E-D44C-40BD-92EB-C1AFC4ABEB3D}.Release|Any CPU.Build.0 = Release|Any CPU
		{3353210B-C231-45C6-9164-3D9F1433FA3D}.Debug|Any CPU.ActiveCfg = Debug|Any CPU
		{3353210B-C231-45C6-9164-3D9F1433FA3D}.Debug|Any CPU.Build.0 = Debug|Any CPU
		{3353210B-C231-45C6-9164-3D9F1433FA3D}.Release|Any CPU.ActiveCfg = Release|Any CPU
		{3353210B-C231-45C6-9164-3D9F1433FA3D}.Release|Any CPU.Build.0 = Release|Any CPU
	EndGlobalSection
	GlobalSection(SolutionProperties) = preSolution
		HideSolutionNode = FALSE
	EndGlobalSection
	GlobalSection(ExtensibilityGlobals) = postSolution
		SolutionGuid = {41A0E512-7664-431D-93EC-B8672A53A280}
	EndGlobalSection
EndGlobal
